
Microsoft Visual Studio Solution File, Format Version 12.00
# Visual Studio Version 17
VisualStudioVersion = 17.11.35327.3
MinimumVisualStudioVersion = 10.0.40219.1
Project("{2150E333-8FDC-42A3-9474-1A3956D46DE8}") = "Services", "Services", "{6F022E13-EEB0-498D-923E-46496BAE4661}"
EndProject
Project("{2150E333-8FDC-42A3-9474-1A3956D46DE8}") = "Catalog", "Catalog", "{87B08D4B-8D0F-48BE-9C70-0E67C208BDEC}"
EndProject
Project("{9A19103F-16F7-4668-BE54-9A1E7A4F7556}") = "Catalog.API", "Services\Catalog\Catalog.API\Catalog.API.csproj", "{1C767E9A-810C-4BE7-A219-55B04B4F03F1}"
EndProject
Project("{2150E333-8FDC-42A3-9474-1A3956D46DE8}") = "BuildingBlocks", "BuildingBlocks", "{C5F90D57-BA9B-43DB-B248-B383CF08330E}"
EndProject
Project("{9A19103F-16F7-4668-BE54-9A1E7A4F7556}") = "BuildingBlocks", "BuildingBlocks\BuildingBlocks\BuildingBlocks.csproj", "{6EA5F569-2862-49D8-AF74-F79A2714C976}"
EndProject
Project("{E53339B2-1760-4266-BCC7-CA923CBCF16C}") = "docker-compose", "docker-compose.dcproj", "{294A4DC3-F0A1-4160-A46B-68A38FE3DC2F}"
EndProject
Project("{2150E333-8FDC-42A3-9474-1A3956D46DE8}") = "Basket", "Basket", "{5C437FA6-0E74-4B6D-9A0B-8D16981BE9CF}"
EndProject
Project("{FAE04EC0-301F-11D3-BF4B-00C04F79EFBC}") = "Basket.Api", "Services\Basket\Basket.Api\Basket.Api.csproj", "{ECD3F22A-1E07-4897-99F4-66E3DCBDEF57}"
EndProject
Global
	GlobalSection(SolutionConfigurationPlatforms) = preSolution
		Debug|Any CPU = Debug|Any CPU
		Release|Any CPU = Release|Any CPU
	EndGlobalSection
	GlobalSection(ProjectConfigurationPlatforms) = postSolution
		{1C767E9A-810C-4BE7-A219-55B04B4F03F1}.Debug|Any CPU.ActiveCfg = Debug|Any CPU
		{1C767E9A-810C-4BE7-A219-55B04B4F03F1}.Debug|Any CPU.Build.0 = Debug|Any CPU
		{1C767E9A-810C-4BE7-A219-55B04B4F03F1}.Release|Any CPU.ActiveCfg = Release|Any CPU
		{1C767E9A-810C-4BE7-A219-55B04B4F03F1}.Release|Any CPU.Build.0 = Release|Any CPU
		{6EA5F569-2862-49D8-AF74-F79A2714C976}.Debug|Any CPU.ActiveCfg = Debug|Any CPU
		{6EA5F569-2862-49D8-AF74-F79A2714C976}.Debug|Any CPU.Build.0 = Debug|Any CPU
		{6EA5F569-2862-49D8-AF74-F79A2714C976}.Release|Any CPU.ActiveCfg = Release|Any CPU
		{6EA5F569-2862-49D8-AF74-F79A2714C976}.Release|Any CPU.Build.0 = Release|Any CPU
		{294A4DC3-F0A1-4160-A46B-68A38FE3DC2F}.Debug|Any CPU.ActiveCfg = Debug|Any CPU
		{294A4DC3-F0A1-4160-A46B-68A38FE3DC2F}.Debug|Any CPU.Build.0 = Debug|Any CPU
		{294A4DC3-F0A1-4160-A46B-68A38FE3DC2F}.Release|Any CPU.ActiveCfg = Release|Any CPU
		{294A4DC3-F0A1-4160-A46B-68A38FE3DC2F}.Release|Any CPU.Build.0 = Release|Any CPU
		{ECD3F22A-1E07-4897-99F4-66E3DCBDEF57}.Debug|Any CPU.ActiveCfg = Debug|Any CPU
		{ECD3F22A-1E07-4897-99F4-66E3DCBDEF57}.Debug|Any CPU.Build.0 = Debug|Any CPU
		{ECD3F22A-1E07-4897-99F4-66E3DCBDEF57}.Release|Any CPU.ActiveCfg = Release|Any CPU
		{ECD3F22A-1E07-4897-99F4-66E3DCBDEF57}.Release|Any CPU.Build.0 = Release|Any CPU
	EndGlobalSection
	GlobalSection(SolutionProperties) = preSolution
		HideSolutionNode = FALSE
	EndGlobalSection
	GlobalSection(NestedProjects) = preSolution
		{87B08D4B-8D0F-48BE-9C70-0E67C208BDEC} = {6F022E13-EEB0-498D-923E-46496BAE4661}
		{1C767E9A-810C-4BE7-A219-55B04B4F03F1} = {87B08D4B-8D0F-48BE-9C70-0E67C208BDEC}
		{6EA5F569-2862-49D8-AF74-F79A2714C976} = {C5F90D57-BA9B-43DB-B248-B383CF08330E}
		{5C437FA6-0E74-4B6D-9A0B-8D16981BE9CF} = {6F022E13-EEB0-498D-923E-46496BAE4661}
		{ECD3F22A-1E07-4897-99F4-66E3DCBDEF57} = {5C437FA6-0E74-4B6D-9A0B-8D16981BE9CF}
	EndGlobalSection
	GlobalSection(ExtensibilityGlobals) = postSolution
		SolutionGuid = {49B41A1E-6CFF-4F12-AD75-5C3C356B75E9}
	EndGlobalSection
EndGlobal
