
Microsoft Visual Studio Solution File, Format Version 12.00
# Visual Studio Version 17
VisualStudioVersion = 17.11.35327.3
MinimumVisualStudioVersion = 10.0.40219.1
Project("{2150E333-8FDC-42A3-9474-1A3956D46DE8}") = "Services", "Services", "{6F022E13-EEB0-498D-923E-46496BAE4661}"
EndProject
Project("{2150E333-8FDC-42A3-9474-1A3956D46DE8}") = "Catalog", "Catalog", "{87B08D4B-8D0F-48BE-9C70-0E67C208BDEC}"
EndProject
Project("{9A19103F-16F7-4668-BE54-9A1E7A4F7556}") = "Catalog.API", "Services\Catalog\Catalog.API\Catalog.API.csproj", "{1C767E9A-810C-4BE7-A219-55B04B4F03F1}"
EndProject
Project("{2150E333-8FDC-42A3-9474-1A3956D46DE8}") = "BuildingBlocks", "BuildingBlocks", "{C5F90D57-BA9B-43DB-B248-B383CF08330E}"
EndProject
Project("{9A19103F-16F7-4668-BE54-9A1E7A4F7556}") = "BuildingBlocks", "BuildingBlocks\BuildingBlocks\BuildingBlocks.csproj", "{6EA5F569-2862-49D8-AF74-F79A2714C976}"
EndProject
Project("{E53339B2-1760-4266-BCC7-CA923CBCF16C}") = "docker-compose", "docker-compose.dcproj", "{294A4DC3-F0A1-4160-A46B-68A38FE3DC2F}"
EndProject
Project("{2150E333-8FDC-42A3-9474-1A3956D46DE8}") = "Basket", "Basket", "{5C437FA6-0E74-4B6D-9A0B-8D16981BE9CF}"
EndProject
Project("{9A19103F-16F7-4668-BE54-9A1E7A4F7556}") = "Basket.Api", "Services\Basket\Basket.Api\Basket.Api.csproj", "{ECD3F22A-1E07-4897-99F4-66E3DCBDEF57}"
EndProject
Project("{2150E333-8FDC-42A3-9474-1A3956D46DE8}") = "Discount", "Discount", "{CD10750F-3DDB-43B1-9B12-0A83AA5E19BE}"
EndProject
Project("{9A19103F-16F7-4668-BE54-9A1E7A4F7556}") = "Discount.Grpc", "Services\Discount\Discount.Grpc\Discount.Grpc.csproj", "{6FF45664-E7D1-4E94-B6A9-4D58201A0AFC}"
EndProject
Project("{2150E333-8FDC-42A3-9474-1A3956D46DE8}") = "Ordering", "Ordering", "{1D6E83B4-CE41-42C1-A2F8-E248403C12DB}"
EndProject
Project("{9A19103F-16F7-4668-BE54-9A1E7A4F7556}") = "Ordering.API", "Services\Ordering\Ordering.API\Ordering.API.csproj", "{3C8258BD-1D62-4F40-9AF6-D7A28B0C2F9D}"
EndProject
Project("{9A19103F-16F7-4668-BE54-9A1E7A4F7556}") = "Ordering.Domain", "Services\Ordering\Ordering.Domain\Ordering.Domain.csproj", "{9F42B3AC-6E28-4A60-BD5E-6300F66A1F71}"
EndProject
Project("{9A19103F-16F7-4668-BE54-9A1E7A4F7556}") = "Ordering.Application", "Services\Ordering\Ordering.Application\Ordering.Application.csproj", "{E1CB96BD-6B37-420C-9AC8-144F2F75ECC2}"
EndProject
Project("{9A19103F-16F7-4668-BE54-9A1E7A4F7556}") = "Ordering.Infrastructure", "Services\Ordering\Ordering.Infrastructure\Ordering.Infrastructure.csproj", "{9C1B7FD1-6B62-44FE-A3D1-5521C36FC12D}"
EndProject
Project("{9A19103F-16F7-4668-BE54-9A1E7A4F7556}") = "BuildingBlocks.Messaging", "BuildingBlocks\BuildingBlocks.Messaging\BuildingBlocks.Messaging.csproj", "{45F05F22-C177-40E0-8AE7-D732AC697BB5}"
EndProject
Project("{2150E333-8FDC-42A3-9474-1A3956D46DE8}") = "ApiGateways", "ApiGateways", "{23782DAB-723E-425D-B3B5-8C06560143A4}"
EndProject
Project("{9A19103F-16F7-4668-BE54-9A1E7A4F7556}") = "YarpApiGateway", "ApiGateways\YarpApiGateway\YarpApiGateway.csproj", "{DF0BA8E3-DCF4-4140-A4E5-A6AEBE92B5A4}"
EndProject
Project("{2150E333-8FDC-42A3-9474-1A3956D46DE8}") = "WebApps", "WebApps", "{99976661-A11D-4300-9FD7-4ABF007802BB}"
EndProject
Project("{9A19103F-16F7-4668-BE54-9A1E7A4F7556}") = "Shopping.Web", "WebApps\Shopping.Web\Shopping.Web.csproj", "{601F2DEC-0909-43CE-AAE8-5BE5F5371C06}"
EndProject
Project("{2150E333-8FDC-42A3-9474-1A3956D46DE8}") = "Tests", "Tests", "{C595CE8F-4F5E-4F4C-8773-6AC8DCAC64A1}"
EndProject
Project("{2150E333-8FDC-42A3-9474-1A3956D46DE8}") = "Services", "Services", "{65FBAFD0-FF4B-45BD-AE4E-2CF004FC1B6D}"
EndProject
Project("{2150E333-8FDC-42A3-9474-1A3956D46DE8}") = "Basket", "Basket", "{D077EF0E-E21C-4CF1-8AEB-E66F30C2470F}"
EndProject
Project("{9A19103F-16F7-4668-BE54-9A1E7A4F7556}") = "Basket.Api.UniTests", "Tests\Services\Basket\Basket.Api.UniTests\Basket.Api.UniTests.csproj", "{8FCF29D0-D7D6-4372-814F-89F900C0DA71}"
EndProject
Project("{2150E333-8FDC-42A3-9474-1A3956D46DE8}") = "Ordering", "Ordering", "{323830AF-6B2E-4A86-A86C-5351939C2B7D}"
EndProject
Project("{9A19103F-16F7-4668-BE54-9A1E7A4F7556}") = "Ordering.Application.UnitTests", "Tests\Services\Ordering\Ordering.Application.UnitTests\Ordering.Application.UnitTests.csproj", "{17FBDF53-DADB-4EDA-80C5-24FCF70D0CF2}"
EndProject
Project("{FAE04EC0-301F-11D3-BF4B-00C04F79EFBC}") = "Ordering.Application.IntegrationTests", "Tests\Services\Ordering\Ordering.Application.IntegrationTests\Ordering.Application.IntegrationTests.csproj", "{A04AA576-2697-4E76-923C-F12FEC35290E}"
EndProject
Project("{FAE04EC0-301F-11D3-BF4B-00C04F79EFBC}") = "Basket.Api.IntegrationTests", "Tests\Services\Basket\Basket.Api.IntegrationTests\Basket.Api.IntegrationTests.csproj", "{348B7D3B-E3D0-4880-9EB0-4FE25712C3F9}"
EndProject
Project("{FAE04EC0-301F-11D3-BF4B-00C04F79EFBC}") = "Ordering.Shared", "Tests\Services\Ordering\Ordering.API.Application.Shared\Ordering.Shared.csproj", "{6FAA7CC2-C632-4FE5-AE7E-37428954CD3F}"
EndProject
Project("{FAE04EC0-301F-11D3-BF4B-00C04F79EFBC}") = "Ordering.API.IntegrationTest", "Tests\Services\Ordering\Ordering.API.IntegrationTest\Ordering.API.IntegrationTest.csproj", "{2731B1B4-C455-4455-A4DC-E783DF9201BA}"
EndProject
Global
	GlobalSection(SolutionConfigurationPlatforms) = preSolution
		Debug|Any CPU = Debug|Any CPU
		Release|Any CPU = Release|Any CPU
	EndGlobalSection
	GlobalSection(ProjectConfigurationPlatforms) = postSolution
		{1C767E9A-810C-4BE7-A219-55B04B4F03F1}.Debug|Any CPU.ActiveCfg = Debug|Any CPU
		{1C767E9A-810C-4BE7-A219-55B04B4F03F1}.Debug|Any CPU.Build.0 = Debug|Any CPU
		{1C767E9A-810C-4BE7-A219-55B04B4F03F1}.Release|Any CPU.ActiveCfg = Release|Any CPU
		{1C767E9A-810C-4BE7-A219-55B04B4F03F1}.Release|Any CPU.Build.0 = Release|Any CPU
		{6EA5F569-2862-49D8-AF74-F79A2714C976}.Debug|Any CPU.ActiveCfg = Debug|Any CPU
		{6EA5F569-2862-49D8-AF74-F79A2714C976}.Debug|Any CPU.Build.0 = Debug|Any CPU
		{6EA5F569-2862-49D8-AF74-F79A2714C976}.Release|Any CPU.ActiveCfg = Release|Any CPU
		{6EA5F569-2862-49D8-AF74-F79A2714C976}.Release|Any CPU.Build.0 = Release|Any CPU
		{294A4DC3-F0A1-4160-A46B-68A38FE3DC2F}.Debug|Any CPU.ActiveCfg = Debug|Any CPU
		{294A4DC3-F0A1-4160-A46B-68A38FE3DC2F}.Debug|Any CPU.Build.0 = Debug|Any CPU
		{294A4DC3-F0A1-4160-A46B-68A38FE3DC2F}.Release|Any CPU.ActiveCfg = Release|Any CPU
		{294A4DC3-F0A1-4160-A46B-68A38FE3DC2F}.Release|Any CPU.Build.0 = Release|Any CPU
		{ECD3F22A-1E07-4897-99F4-66E3DCBDEF57}.Debug|Any CPU.ActiveCfg = Debug|Any CPU
		{ECD3F22A-1E07-4897-99F4-66E3DCBDEF57}.Debug|Any CPU.Build.0 = Debug|Any CPU
		{ECD3F22A-1E07-4897-99F4-66E3DCBDEF57}.Release|Any CPU.ActiveCfg = Release|Any CPU
		{ECD3F22A-1E07-4897-99F4-66E3DCBDEF57}.Release|Any CPU.Build.0 = Release|Any CPU
		{6FF45664-E7D1-4E94-B6A9-4D58201A0AFC}.Debug|Any CPU.ActiveCfg = Debug|Any CPU
		{6FF45664-E7D1-4E94-B6A9-4D58201A0AFC}.Debug|Any CPU.Build.0 = Debug|Any CPU
		{6FF45664-E7D1-4E94-B6A9-4D58201A0AFC}.Release|Any CPU.ActiveCfg = Release|Any CPU
		{6FF45664-E7D1-4E94-B6A9-4D58201A0AFC}.Release|Any CPU.Build.0 = Release|Any CPU
		{3C8258BD-1D62-4F40-9AF6-D7A28B0C2F9D}.Debug|Any CPU.ActiveCfg = Debug|Any CPU
		{3C8258BD-1D62-4F40-9AF6-D7A28B0C2F9D}.Debug|Any CPU.Build.0 = Debug|Any CPU
		{3C8258BD-1D62-4F40-9AF6-D7A28B0C2F9D}.Release|Any CPU.ActiveCfg = Release|Any CPU
		{3C8258BD-1D62-4F40-9AF6-D7A28B0C2F9D}.Release|Any CPU.Build.0 = Release|Any CPU
		{9F42B3AC-6E28-4A60-BD5E-6300F66A1F71}.Debug|Any CPU.ActiveCfg = Debug|Any CPU
		{9F42B3AC-6E28-4A60-BD5E-6300F66A1F71}.Debug|Any CPU.Build.0 = Debug|Any CPU
		{9F42B3AC-6E28-4A60-BD5E-6300F66A1F71}.Release|Any CPU.ActiveCfg = Release|Any CPU
		{9F42B3AC-6E28-4A60-BD5E-6300F66A1F71}.Release|Any CPU.Build.0 = Release|Any CPU
		{E1CB96BD-6B37-420C-9AC8-144F2F75ECC2}.Debug|Any CPU.ActiveCfg = Debug|Any CPU
		{E1CB96BD-6B37-420C-9AC8-144F2F75ECC2}.Debug|Any CPU.Build.0 = Debug|Any CPU
		{E1CB96BD-6B37-420C-9AC8-144F2F75ECC2}.Release|Any CPU.ActiveCfg = Release|Any CPU
		{E1CB96BD-6B37-420C-9AC8-144F2F75ECC2}.Release|Any CPU.Build.0 = Release|Any CPU
		{9C1B7FD1-6B62-44FE-A3D1-5521C36FC12D}.Debug|Any CPU.ActiveCfg = Debug|Any CPU
		{9C1B7FD1-6B62-44FE-A3D1-5521C36FC12D}.Debug|Any CPU.Build.0 = Debug|Any CPU
		{9C1B7FD1-6B62-44FE-A3D1-5521C36FC12D}.Release|Any CPU.ActiveCfg = Release|Any CPU
		{9C1B7FD1-6B62-44FE-A3D1-5521C36FC12D}.Release|Any CPU.Build.0 = Release|Any CPU
		{45F05F22-C177-40E0-8AE7-D732AC697BB5}.Debug|Any CPU.ActiveCfg = Debug|Any CPU
		{45F05F22-C177-40E0-8AE7-D732AC697BB5}.Debug|Any CPU.Build.0 = Debug|Any CPU
		{45F05F22-C177-40E0-8AE7-D732AC697BB5}.Release|Any CPU.ActiveCfg = Release|Any CPU
		{45F05F22-C177-40E0-8AE7-D732AC697BB5}.Release|Any CPU.Build.0 = Release|Any CPU
		{DF0BA8E3-DCF4-4140-A4E5-A6AEBE92B5A4}.Debug|Any CPU.ActiveCfg = Debug|Any CPU
		{DF0BA8E3-DCF4-4140-A4E5-A6AEBE92B5A4}.Debug|Any CPU.Build.0 = Debug|Any CPU
		{DF0BA8E3-DCF4-4140-A4E5-A6AEBE92B5A4}.Release|Any CPU.ActiveCfg = Release|Any CPU
		{DF0BA8E3-DCF4-4140-A4E5-A6AEBE92B5A4}.Release|Any CPU.Build.0 = Release|Any CPU
		{601F2DEC-0909-43CE-AAE8-5BE5F5371C06}.Debug|Any CPU.ActiveCfg = Debug|Any CPU
		{601F2DEC-0909-43CE-AAE8-5BE5F5371C06}.Debug|Any CPU.Build.0 = Debug|Any CPU
		{601F2DEC-0909-43CE-AAE8-5BE5F5371C06}.Release|Any CPU.ActiveCfg = Release|Any CPU
		{601F2DEC-0909-43CE-AAE8-5BE5F5371C06}.Release|Any CPU.Build.0 = Release|Any CPU
		{8FCF29D0-D7D6-4372-814F-89F900C0DA71}.Debug|Any CPU.ActiveCfg = Debug|Any CPU
		{8FCF29D0-D7D6-4372-814F-89F900C0DA71}.Debug|Any CPU.Build.0 = Debug|Any CPU
		{8FCF29D0-D7D6-4372-814F-89F900C0DA71}.Release|Any CPU.ActiveCfg = Release|Any CPU
		{8FCF29D0-D7D6-4372-814F-89F900C0DA71}.Release|Any CPU.Build.0 = Release|Any CPU
		{17FBDF53-DADB-4EDA-80C5-24FCF70D0CF2}.Debug|Any CPU.ActiveCfg = Debug|Any CPU
		{17FBDF53-DADB-4EDA-80C5-24FCF70D0CF2}.Debug|Any CPU.Build.0 = Debug|Any CPU
		{17FBDF53-DADB-4EDA-80C5-24FCF70D0CF2}.Release|Any CPU.ActiveCfg = Release|Any CPU
		{17FBDF53-DADB-4EDA-80C5-24FCF70D0CF2}.Release|Any CPU.Build.0 = Release|Any CPU
		{A04AA576-2697-4E76-923C-F12FEC35290E}.Debug|Any CPU.ActiveCfg = Debug|Any CPU
		{A04AA576-2697-4E76-923C-F12FEC35290E}.Debug|Any CPU.Build.0 = Debug|Any CPU
		{A04AA576-2697-4E76-923C-F12FEC35290E}.Release|Any CPU.ActiveCfg = Release|Any CPU
		{A04AA576-2697-4E76-923C-F12FEC35290E}.Release|Any CPU.Build.0 = Release|Any CPU
		{348B7D3B-E3D0-4880-9EB0-4FE25712C3F9}.Debug|Any CPU.ActiveCfg = Debug|Any CPU
		{348B7D3B-E3D0-4880-9EB0-4FE25712C3F9}.Debug|Any CPU.Build.0 = Debug|Any CPU
		{348B7D3B-E3D0-4880-9EB0-4FE25712C3F9}.Release|Any CPU.ActiveCfg = Release|Any CPU
		{348B7D3B-E3D0-4880-9EB0-4FE25712C3F9}.Release|Any CPU.Build.0 = Release|Any CPU
		{6FAA7CC2-C632-4FE5-AE7E-37428954CD3F}.Debug|Any CPU.ActiveCfg = Debug|Any CPU
		{6FAA7CC2-C632-4FE5-AE7E-37428954CD3F}.Debug|Any CPU.Build.0 = Debug|Any CPU
		{6FAA7CC2-C632-4FE5-AE7E-37428954CD3F}.Release|Any CPU.ActiveCfg = Release|Any CPU
		{6FAA7CC2-C632-4FE5-AE7E-37428954CD3F}.Release|Any CPU.Build.0 = Release|Any CPU
		{2731B1B4-C455-4455-A4DC-E783DF9201BA}.Debug|Any CPU.ActiveCfg = Debug|Any CPU
		{2731B1B4-C455-4455-A4DC-E783DF9201BA}.Debug|Any CPU.Build.0 = Debug|Any CPU
		{2731B1B4-C455-4455-A4DC-E783DF9201BA}.Release|Any CPU.ActiveCfg = Release|Any CPU
		{2731B1B4-C455-4455-A4DC-E783DF9201BA}.Release|Any CPU.Build.0 = Release|Any CPU
	EndGlobalSection
	GlobalSection(SolutionProperties) = preSolution
		HideSolutionNode = FALSE
	EndGlobalSection
	GlobalSection(NestedProjects) = preSolution
		{87B08D4B-8D0F-48BE-9C70-0E67C208BDEC} = {6F022E13-EEB0-498D-923E-46496BAE4661}
		{1C767E9A-810C-4BE7-A219-55B04B4F03F1} = {87B08D4B-8D0F-48BE-9C70-0E67C208BDEC}
		{6EA5F569-2862-49D8-AF74-F79A2714C976} = {C5F90D57-BA9B-43DB-B248-B383CF08330E}
		{5C437FA6-0E74-4B6D-9A0B-8D16981BE9CF} = {6F022E13-EEB0-498D-923E-46496BAE4661}
		{ECD3F22A-1E07-4897-99F4-66E3DCBDEF57} = {5C437FA6-0E74-4B6D-9A0B-8D16981BE9CF}
		{CD10750F-3DDB-43B1-9B12-0A83AA5E19BE} = {6F022E13-EEB0-498D-923E-46496BAE4661}
		{6FF45664-E7D1-4E94-B6A9-4D58201A0AFC} = {CD10750F-3DDB-43B1-9B12-0A83AA5E19BE}
		{1D6E83B4-CE41-42C1-A2F8-E248403C12DB} = {6F022E13-EEB0-498D-923E-46496BAE4661}
		{3C8258BD-1D62-4F40-9AF6-D7A28B0C2F9D} = {1D6E83B4-CE41-42C1-A2F8-E248403C12DB}
		{9F42B3AC-6E28-4A60-BD5E-6300F66A1F71} = {1D6E83B4-CE41-42C1-A2F8-E248403C12DB}
		{E1CB96BD-6B37-420C-9AC8-144F2F75ECC2} = {1D6E83B4-CE41-42C1-A2F8-E248403C12DB}
		{9C1B7FD1-6B62-44FE-A3D1-5521C36FC12D} = {1D6E83B4-CE41-42C1-A2F8-E248403C12DB}
		{45F05F22-C177-40E0-8AE7-D732AC697BB5} = {C5F90D57-BA9B-43DB-B248-B383CF08330E}
		{DF0BA8E3-DCF4-4140-A4E5-A6AEBE92B5A4} = {23782DAB-723E-425D-B3B5-8C06560143A4}
		{601F2DEC-0909-43CE-AAE8-5BE5F5371C06} = {99976661-A11D-4300-9FD7-4ABF007802BB}
		{65FBAFD0-FF4B-45BD-AE4E-2CF004FC1B6D} = {C595CE8F-4F5E-4F4C-8773-6AC8DCAC64A1}
		{D077EF0E-E21C-4CF1-8AEB-E66F30C2470F} = {65FBAFD0-FF4B-45BD-AE4E-2CF004FC1B6D}
		{8FCF29D0-D7D6-4372-814F-89F900C0DA71} = {D077EF0E-E21C-4CF1-8AEB-E66F30C2470F}
		{323830AF-6B2E-4A86-A86C-5351939C2B7D} = {65FBAFD0-FF4B-45BD-AE4E-2CF004FC1B6D}
		{17FBDF53-DADB-4EDA-80C5-24FCF70D0CF2} = {323830AF-6B2E-4A86-A86C-5351939C2B7D}
		{A04AA576-2697-4E76-923C-F12FEC35290E} = {323830AF-6B2E-4A86-A86C-5351939C2B7D}
		{348B7D3B-E3D0-4880-9EB0-4FE25712C3F9} = {D077EF0E-E21C-4CF1-8AEB-E66F30C2470F}
		{6FAA7CC2-C632-4FE5-AE7E-37428954CD3F} = {323830AF-6B2E-4A86-A86C-5351939C2B7D}
		{2731B1B4-C455-4455-A4DC-E783DF9201BA} = {323830AF-6B2E-4A86-A86C-5351939C2B7D}
	EndGlobalSection
	GlobalSection(ExtensibilityGlobals) = postSolution
		SolutionGuid = {49B41A1E-6CFF-4F12-AD75-5C3C356B75E9}
	EndGlobalSection
EndGlobal
